Microsoft Visual Studio Solution File, Format Version 10.00
# Visual Studio 2008
Project("{FAE04EC0-301F-11D3-BF4B-00C04F79EFBC}") = "SMTPmail", "SMTPmail.csproj", "{EDAC8E97-F953-4C35-A6E6-4176B15C147A}"
EndProject
Global
	GlobalSection(SolutionConfigurationPlatforms) = preSolution
		Debug|Any CPU = Debug|Any CPU
		Release|Any CPU = Release|Any CPU
	EndGlobalSection
	GlobalSection(ProjectConfigurationPlatforms) = postSolution
		{EDAC8E97-F953-4C35-A6E6-4176B15C147A}.Debug|Any CPU.ActiveCfg = Debug|Any CPU
		{EDAC8E97-F953-4C35-A6E6-4176B15C147A}.Debug|Any CPU.Build.0 = Debug|Any CPU
		{EDAC8E97-F953-4C35-A6E6-4176B15C147A}.Release|Any CPU.ActiveCfg = Release|Any CPU
		{EDAC8E97-F953-4C35-A6E6-4176B15C147A}.Release|Any CPU.Build.0 = Release|Any CPU
	EndGlobalSection
	GlobalSection(SolutionProperties) = preSolution
		HideSolutionNode = FALSE
	EndGlobalSection
EndGlobal
