
Microsoft Visual Studio Solution File, Format Version 10.00
# Visual Studio 2008
Project("{E24C65DC-7377-472B-9ABA-BC803B73C61A}") = "Gmail", "..\Gmail", "{6ECADBC6-278D-4EAB-A975-016BD244465A}"
	ProjectSection(WebsiteProperties) = preProject
		TargetFramework = "3.5"
		Debug.AspNetCompiler.VirtualPath = "/Gmail"
		Debug.AspNetCompiler.PhysicalPath = "E:\Gmail\"
		Debug.AspNetCompiler.TargetPath = "PrecompiledWeb\Gmail\"
		Debug.AspNetCompiler.Updateable = "true"
		Debug.AspNetCompiler.ForceOverwrite = "true"
		Debug.AspNetCompiler.FixedNames = "false"
		Debug.AspNetCompiler.Debug = "True"
		Release.AspNetCompiler.VirtualPath = "/Gmail"
		Release.AspNetCompiler.PhysicalPath = "E:\Gmail\"
		Release.AspNetCompiler.TargetPath = "PrecompiledWeb\Gmail\"
		Release.AspNetCompiler.Updateable = "true"
		Release.AspNetCompiler.ForceOverwrite = "true"
		Release.AspNetCompiler.FixedNames = "false"
		Release.AspNetCompiler.Debug = "False"
		VWDPort = "4252"
	EndProjectSection
EndProject
Global
	GlobalSection(SolutionConfigurationPlatforms) = preSolution
		Debug|.NET = Debug|.NET
	EndGlobalSection
	GlobalSection(ProjectConfigurationPlatforms) = postSolution
		{6ECADBC6-278D-4EAB-A975-016BD244465A}.Debug|.NET.ActiveCfg = Debug|.NET
		{6ECADBC6-278D-4EAB-A975-016BD244465A}.Debug|.NET.Build.0 = Debug|.NET
	EndGlobalSection
	GlobalSection(SolutionProperties) = preSolution
		HideSolutionNode = FALSE
	EndGlobalSection
EndGlobal
