Microsoft Visual Studio Solution File, Format Version 7.00
Project("{FAE04EC0-301F-11D3-BF4B-00C04F79EFBC}") = "SMTPmail", "SMTPmail.csproj", "{EDAC8E97-F953-4C35-A6E6-4176B15C147A}"
EndProject
Global
	GlobalSection(SolutionConfiguration) = preSolution
		ConfigName.0 = Debug
		ConfigName.1 = Release
	EndGlobalSection
	GlobalSection(ProjectDependencies) = postSolution
	EndGlobalSection
	GlobalSection(ProjectConfiguration) = postSolution
		{EDAC8E97-F953-4C35-A6E6-4176B15C147A}.Debug.ActiveCfg = Debug|.NET
		{EDAC8E97-F953-4C35-A6E6-4176B15C147A}.Debug.Build.0 = Debug|.NET
		{EDAC8E97-F953-4C35-A6E6-4176B15C147A}.Release.ActiveCfg = Release|.NET
		{EDAC8E97-F953-4C35-A6E6-4176B15C147A}.Release.Build.0 = Release|.NET
	EndGlobalSection
	GlobalSection(ExtensibilityGlobals) = postSolution
	EndGlobalSection
	GlobalSection(ExtensibilityAddIns) = postSolution
	EndGlobalSection
EndGlobal
